
Microsoft Visual Studio Solution File, Format Version 12.00
# Visual Studio Version 17
VisualStudioVersion = 17.5.002.0
MinimumVisualStudioVersion = 10.0.40219.1
Project("{9A19103F-16F7-4668-BE54-9A1E7A4F7556}") = "BookApi", "BookApi.csproj", "{9F80FA8C-ECB3-46B7-9A00-BE571290A393}"
EndProject
Global
	GlobalSection(SolutionConfigurationPlatforms) = preSolution
		Debug|Any CPU = Debug|Any CPU
		Release|Any CPU = Release|Any CPU
	EndGlobalSection
	GlobalSection(ProjectConfigurationPlatforms) = postSolution
		{9F80FA8C-ECB3-46B7-9A00-BE571290A393}.Debug|Any CPU.ActiveCfg = Debug|Any CPU
		{9F80FA8C-ECB3-46B7-9A00-BE571290A393}.Debug|Any CPU.Build.0 = Debug|Any CPU
		{9F80FA8C-ECB3-46B7-9A00-BE571290A393}.Release|Any CPU.ActiveCfg = Release|Any CPU
		{9F80FA8C-ECB3-46B7-9A00-BE571290A393}.Release|Any CPU.Build.0 = Release|Any CPU
	EndGlobalSection
	GlobalSection(SolutionProperties) = preSolution
		HideSolutionNode = FALSE
	EndGlobalSection
	GlobalSection(ExtensibilityGlobals) = postSolution
		SolutionGuid = {35854109-F938-4182-9C14-C93CFD81B4D0}
	EndGlobalSection
EndGlobal
